<?xml version="1.0" encoding="utf-8"?>
<Project ToolsVersion="17.0" xmlns="http://schemas.microsoft.com/developer/msbuild/2003">
  <ItemGroup>
    <ClCompile Include="C:\Users\Pablo\Desktop\BitGraph\utils\tests\test_common.cpp">
      <Filter>Source Files</Filter>
    </ClCompile>
    <ClCompile Include="C:\Users\Pablo\Desktop\BitGraph\utils\tests\test_file.cpp">
      <Filter>Source Files</Filter>
    </ClCompile>
    <ClCompile Include="C:\Users\Pablo\Desktop\BitGraph\utils\tests\test_info.cpp">
      <Filter>Source Files</Filter>
    </ClCompile>
    <ClCompile Include="C:\Users\Pablo\Desktop\BitGraph\utils\tests\test_info_clq.cpp">
      <Filter>Source Files</Filter>
    </ClCompile>
    <ClCompile Include="C:\Users\Pablo\Desktop\BitGraph\utils\tests\test_precise_timer.cpp">
      <Filter>Source Files</Filter>
    </ClCompile>
    <ClCompile Include="C:\Users\Pablo\Desktop\BitGraph\utils\tests\test_thread.cpp">
      <Filter>Source Files</Filter>
    </ClCompile>
    <ClCompile Include="C:\Users\Pablo\Desktop\BitGraph\utils\tests\test_logger.cpp">
      <Filter>Source Files</Filter>
    </ClCompile>
    <ClCompile Include="C:\Users\Pablo\Desktop\BitGraph\utils\tests\test_benchmark.cpp">
      <Filter>Source Files</Filter>
    </ClCompile>
    <ClCompile Include="C:\Users\Pablo\Desktop\BitGraph\utils\tests\test_infoAnalyser.cpp">
      <Filter>Source Files</Filter>
    </ClCompile>
    <ClCompile Include="C:\Users\Pablo\Desktop\BitGraph\utils\tests\test_result.cpp">
      <Filter>Source Files</Filter>
    </ClCompile>
    <ClCompile Include="C:\Users\Pablo\Desktop\BitGraph\utils\tests\test_batch.cpp">
      <Filter>Source Files</Filter>
    </ClCompile>
  </ItemGroup>
  <ItemGroup>
    <CustomBuild Include="C:\Users\Pablo\Desktop\BitGraph\utils\tests\CMakeLists.txt" />
  </ItemGroup>
  <ItemGroup>
    <Filter Include="Source Files">
      <UniqueIdentifier>{A0D0A0D1-52B6-314B-A6EC-B38248D7508F}</UniqueIdentifier>
    </Filter>
  </ItemGroup>
</Project>
