<?xml version="1.0" encoding="utf-8"?>
<Project ToolsVersion="17.0" xmlns="http://schemas.microsoft.com/developer/msbuild/2003">
  <ItemGroup>
    <ClCompile Include="C:\Users\Pablo\Desktop\BitGraph\graph\tests\test_kcore.cpp">
      <Filter>Source Files</Filter>
    </ClCompile>
    <ClCompile Include="C:\Users\Pablo\Desktop\BitGraph\graph\tests\test_func.cpp">
      <Filter>Source Files</Filter>
    </ClCompile>
    <ClCompile Include="C:\Users\Pablo\Desktop\BitGraph\graph\tests\test_graph.cpp">
      <Filter>Source Files</Filter>
    </ClCompile>
    <ClCompile Include="C:\Users\Pablo\Desktop\BitGraph\graph\tests\test_ugraph.cpp">
      <Filter>Source Files</Filter>
    </ClCompile>
    <ClCompile Include="C:\Users\Pablo\Desktop\BitGraph\graph\tests\test_wgraph.cpp">
      <Filter>Source Files</Filter>
    </ClCompile>
    <ClCompile Include="C:\Users\Pablo\Desktop\BitGraph\graph\tests\test_wegraph.cpp">
      <Filter>Source Files</Filter>
    </ClCompile>
    <ClCompile Include="C:\Users\Pablo\Desktop\BitGraph\graph\tests\test_sparse_graph.cpp">
      <Filter>Source Files</Filter>
    </ClCompile>
    <ClCompile Include="C:\Users\Pablo\Desktop\BitGraph\graph\tests\test_graph_fast_sort.cpp">
      <Filter>Source Files</Filter>
    </ClCompile>
    <ClCompile Include="C:\Users\Pablo\Desktop\BitGraph\graph\tests\test_graph_fast_sort_weighted.cpp">
      <Filter>Source Files</Filter>
    </ClCompile>
    <ClCompile Include="C:\Users\Pablo\Desktop\BitGraph\graph\tests\test_decode.cpp">
      <Filter>Source Files</Filter>
    </ClCompile>
    <ClCompile Include="C:\Users\Pablo\Desktop\BitGraph\graph\tests\test_random_graph.cpp">
      <Filter>Source Files</Filter>
    </ClCompile>
    <ClCompile Include="C:\Users\Pablo\Desktop\BitGraph\graph\tests\test_graph_conversions.cpp">
      <Filter>Source Files</Filter>
    </ClCompile>
    <ClCompile Include="C:\Users\Pablo\Desktop\BitGraph\graph\tests\test_format.cpp">
      <Filter>Source Files</Filter>
    </ClCompile>
    <ClCompile Include="C:\Users\Pablo\Desktop\BitGraph\graph\tests\test_graph_map.cpp">
      <Filter>Source Files</Filter>
    </ClCompile>
  </ItemGroup>
  <ItemGroup>
    <CustomBuild Include="C:\Users\Pablo\Desktop\BitGraph\graph\tests\CMakeLists.txt" />
  </ItemGroup>
  <ItemGroup>
    <Filter Include="Source Files">
      <UniqueIdentifier>{A0D0A0D1-52B6-314B-A6EC-B38248D7508F}</UniqueIdentifier>
    </Filter>
  </ItemGroup>
</Project>
